
Microsoft Visual Studio Solution File, Format Version 12.00
# Visual Studio 14
VisualStudioVersion = 14.0.25123.0
MinimumVisualStudioVersion = 10.0.40219.1
Project("{FAE04EC0-301F-11D3-BF4B-00C04F79EFBC}") = "DemoParallelClass", "DemoParallelClass\DemoParallelClass.csproj", "{73F3A180-A6E8-404B-8D2C-41480F9CE323}"
EndProject
Global
	GlobalSection(SolutionConfigurationPlatforms) = preSolution
		Debug|Any CPU = Debug|Any CPU
		Release|Any CPU = Release|Any CPU
	EndGlobalSection
	GlobalSection(ProjectConfigurationPlatforms) = postSolution
		{73F3A180-A6E8-404B-8D2C-41480F9CE323}.Debug|Any CPU.ActiveCfg = Debug|Any CPU
		{73F3A180-A6E8-404B-8D2C-41480F9CE323}.Debug|Any CPU.Build.0 = Debug|Any CPU
		{73F3A180-A6E8-404B-8D2C-41480F9CE323}.Release|Any CPU.ActiveCfg = Release|Any CPU
		{73F3A180-A6E8-404B-8D2C-41480F9CE323}.Release|Any CPU.Build.0 = Release|Any CPU
	EndGlobalSection
	GlobalSection(SolutionProperties) = preSolution
		HideSolutionNode = FALSE
	EndGlobalSection
EndGlobal
