
Microsoft Visual Studio Solution File, Format Version 12.00
# Visual Studio 14
VisualStudioVersion = 14.0.25123.0
MinimumVisualStudioVersion = 10.0.40219.1
Project("{FAE04EC0-301F-11D3-BF4B-00C04F79EFBC}") = "WebApplication2", "WebApplication2\WebApplication2.csproj", "{9C1DC704-1047-4BD4-81FE-89774CEDAFD9}"
EndProject
Project("{FAE04EC0-301F-11D3-BF4B-00C04F79EFBC}") = "WebApplication2.Tests", "WebApplication2.Tests\WebApplication2.Tests.csproj", "{DAF8C2DB-0A49-4A8D-810D-C6431EB5D8BB}"
EndProject
Global
	GlobalSection(SolutionConfigurationPlatforms) = preSolution
		Debug|Any CPU = Debug|Any CPU
		Release|Any CPU = Release|Any CPU
	EndGlobalSection
	GlobalSection(ProjectConfigurationPlatforms) = postSolution
		{9C1DC704-1047-4BD4-81FE-89774CEDAFD9}.Debug|Any CPU.ActiveCfg = Debug|Any CPU
		{9C1DC704-1047-4BD4-81FE-89774CEDAFD9}.Debug|Any CPU.Build.0 = Debug|Any CPU
		{9C1DC704-1047-4BD4-81FE-89774CEDAFD9}.Release|Any CPU.ActiveCfg = Release|Any CPU
		{9C1DC704-1047-4BD4-81FE-89774CEDAFD9}.Release|Any CPU.Build.0 = Release|Any CPU
		{DAF8C2DB-0A49-4A8D-810D-C6431EB5D8BB}.Debug|Any CPU.ActiveCfg = Debug|Any CPU
		{DAF8C2DB-0A49-4A8D-810D-C6431EB5D8BB}.Debug|Any CPU.Build.0 = Debug|Any CPU
		{DAF8C2DB-0A49-4A8D-810D-C6431EB5D8BB}.Release|Any CPU.ActiveCfg = Release|Any CPU
		{DAF8C2DB-0A49-4A8D-810D-C6431EB5D8BB}.Release|Any CPU.Build.0 = Release|Any CPU
	EndGlobalSection
	GlobalSection(SolutionProperties) = preSolution
		HideSolutionNode = FALSE
	EndGlobalSection
EndGlobal
