
Microsoft Visual Studio Solution File, Format Version 12.00
# Visual Studio 14
VisualStudioVersion = 14.0.25123.0
MinimumVisualStudioVersion = 10.0.40219.1
Project("{F2A71F9B-5D33-465A-A702-920D77279786}") = "Chapter_04_02", "Chapter_04_02\Chapter_04_02.fsproj", "{7AD4D2D4-BBE6-4040-8115-C09242CDB13A}"
EndProject
Global
	GlobalSection(SolutionConfigurationPlatforms) = preSolution
		Debug|Any CPU = Debug|Any CPU
		Release|Any CPU = Release|Any CPU
	EndGlobalSection
	GlobalSection(ProjectConfigurationPlatforms) = postSolution
		{7AD4D2D4-BBE6-4040-8115-C09242CDB13A}.Debug|Any CPU.ActiveCfg = Debug|Any CPU
		{7AD4D2D4-BBE6-4040-8115-C09242CDB13A}.Debug|Any CPU.Build.0 = Debug|Any CPU
		{7AD4D2D4-BBE6-4040-8115-C09242CDB13A}.Release|Any CPU.ActiveCfg = Release|Any CPU
		{7AD4D2D4-BBE6-4040-8115-C09242CDB13A}.Release|Any CPU.Build.0 = Release|Any CPU
	EndGlobalSection
	GlobalSection(SolutionProperties) = preSolution
		HideSolutionNode = FALSE
	EndGlobalSection
EndGlobal
