
Microsoft Visual Studio Solution File, Format Version 12.00
# Visual Studio 14
VisualStudioVersion = 14.0.25123.0
MinimumVisualStudioVersion = 10.0.40219.1
Project("{FAE04EC0-301F-11D3-BF4B-00C04F79EFBC}") = "Roslyn1", "Roslyn1\Roslyn1.csproj", "{A4FEF30A-8E79-412A-84D2-6F8B5DAACCE1}"
EndProject
Global
	GlobalSection(SolutionConfigurationPlatforms) = preSolution
		Debug|Any CPU = Debug|Any CPU
		Release|Any CPU = Release|Any CPU
	EndGlobalSection
	GlobalSection(ProjectConfigurationPlatforms) = postSolution
		{A4FEF30A-8E79-412A-84D2-6F8B5DAACCE1}.Debug|Any CPU.ActiveCfg = Debug|Any CPU
		{A4FEF30A-8E79-412A-84D2-6F8B5DAACCE1}.Debug|Any CPU.Build.0 = Debug|Any CPU
		{A4FEF30A-8E79-412A-84D2-6F8B5DAACCE1}.Release|Any CPU.ActiveCfg = Release|Any CPU
		{A4FEF30A-8E79-412A-84D2-6F8B5DAACCE1}.Release|Any CPU.Build.0 = Release|Any CPU
	EndGlobalSection
	GlobalSection(SolutionProperties) = preSolution
		HideSolutionNode = FALSE
	EndGlobalSection
EndGlobal
