
Microsoft Visual Studio Solution File, Format Version 12.00
# Visual Studio 14
VisualStudioVersion = 14.0.25123.0
MinimumVisualStudioVersion = 10.0.40219.1
Project("{F2A71F9B-5D33-465A-A702-920D77279786}") = "Chapter04_01", "Chapter04_01\Chapter04_01.fsproj", "{B294093E-2A66-452C-8D57-D01A2AF9038F}"
EndProject
Global
	GlobalSection(SolutionConfigurationPlatforms) = preSolution
		Debug|Any CPU = Debug|Any CPU
		Release|Any CPU = Release|Any CPU
	EndGlobalSection
	GlobalSection(ProjectConfigurationPlatforms) = postSolution
		{B294093E-2A66-452C-8D57-D01A2AF9038F}.Debug|Any CPU.ActiveCfg = Debug|Any CPU
		{B294093E-2A66-452C-8D57-D01A2AF9038F}.Debug|Any CPU.Build.0 = Debug|Any CPU
		{B294093E-2A66-452C-8D57-D01A2AF9038F}.Release|Any CPU.ActiveCfg = Release|Any CPU
		{B294093E-2A66-452C-8D57-D01A2AF9038F}.Release|Any CPU.Build.0 = Release|Any CPU
	EndGlobalSection
	GlobalSection(SolutionProperties) = preSolution
		HideSolutionNode = FALSE
	EndGlobalSection
EndGlobal
