
Microsoft Visual Studio Solution File, Format Version 12.00
# Visual Studio 14
VisualStudioVersion = 14.0.25123.0
MinimumVisualStudioVersion = 10.0.40219.1
Project("{FAE04EC0-301F-11D3-BF4B-00C04F79EFBC}") = "WebApplication1", "WebApplication1\WebApplication1.csproj", "{314A7190-5874-4E8A-AF46-B66C9BD32D45}"
EndProject
Project("{F088123C-0E9E-452A-89E6-6BA2F21D5CAC}") = "ModelingProject1", "ModelingProject1\ModelingProject1.modelproj", "{5C439D33-6B97-43F6-9860-3098678AF9D4}"
EndProject
Global
	GlobalSection(SolutionConfigurationPlatforms) = preSolution
		Debug|Any CPU = Debug|Any CPU
		Release|Any CPU = Release|Any CPU
	EndGlobalSection
	GlobalSection(ProjectConfigurationPlatforms) = postSolution
		{314A7190-5874-4E8A-AF46-B66C9BD32D45}.Debug|Any CPU.ActiveCfg = Debug|Any CPU
		{314A7190-5874-4E8A-AF46-B66C9BD32D45}.Debug|Any CPU.Build.0 = Debug|Any CPU
		{314A7190-5874-4E8A-AF46-B66C9BD32D45}.Release|Any CPU.ActiveCfg = Release|Any CPU
		{314A7190-5874-4E8A-AF46-B66C9BD32D45}.Release|Any CPU.Build.0 = Release|Any CPU
		{5C439D33-6B97-43F6-9860-3098678AF9D4}.Debug|Any CPU.ActiveCfg = Debug|Any CPU
		{5C439D33-6B97-43F6-9860-3098678AF9D4}.Debug|Any CPU.Build.0 = Debug|Any CPU
		{5C439D33-6B97-43F6-9860-3098678AF9D4}.Release|Any CPU.ActiveCfg = Release|Any CPU
		{5C439D33-6B97-43F6-9860-3098678AF9D4}.Release|Any CPU.Build.0 = Release|Any CPU
	EndGlobalSection
	GlobalSection(SolutionProperties) = preSolution
		HideSolutionNode = FALSE
	EndGlobalSection
EndGlobal
